
Microsoft Visual Studio Solution File, Format Version 12.00
# Visual Studio Version 17
VisualStudioVersion = 17.8.34511.84
MinimumVisualStudioVersion = 10.0.40219.1
Project("{FAE04EC0-301F-11D3-BF4B-00C04F79EFBC}") = "Pract7", "Pract7\Pract7.csproj", "{98F2A91D-A0C4-4917-80EF-C4DE33DF31A7}"
EndProject
Global
	GlobalSection(SolutionConfigurationPlatforms) = preSolution
		Debug|Any CPU = Debug|Any CPU
		Release|Any CPU = Release|Any CPU
	EndGlobalSection
	GlobalSection(ProjectConfigurationPlatforms) = postSolution
		{98F2A91D-A0C4-4917-80EF-C4DE33DF31A7}.Debug|Any CPU.ActiveCfg = Debug|Any CPU
		{98F2A91D-A0C4-4917-80EF-C4DE33DF31A7}.Debug|Any CPU.Build.0 = Debug|Any CPU
		{98F2A91D-A0C4-4917-80EF-C4DE33DF31A7}.Release|Any CPU.ActiveCfg = Release|Any CPU
		{98F2A91D-A0C4-4917-80EF-C4DE33DF31A7}.Release|Any CPU.Build.0 = Release|Any CPU
	EndGlobalSection
	GlobalSection(SolutionProperties) = preSolution
		HideSolutionNode = FALSE
	EndGlobalSection
	GlobalSection(ExtensibilityGlobals) = postSolution
		SolutionGuid = {33395778-531E-4D0E-81D6-E519039AAE7E}
	EndGlobalSection
EndGlobal
